
Microsoft Visual Studio Solution File, Format Version 12.00
# Visual Studio Version 17
VisualStudioVersion = 17.3.32929.385
MinimumVisualStudioVersion = 10.0.40219.1
Project("{FAE04EC0-301F-11D3-BF4B-00C04F79EFBC}") = "MaterialEscolar", "MaterialEscolar\MaterialEscolar.csproj", "{2890EFED-6992-458D-9689-45BF3032A6C5}"
EndProject
Project("{FAE04EC0-301F-11D3-BF4B-00C04F79EFBC}") = "Models", "Models\Models.csproj", "{9DA6D90D-0353-41FC-A960-1644D2001497}"
EndProject
Global
	GlobalSection(SolutionConfigurationPlatforms) = preSolution
		Debug|Any CPU = Debug|Any CPU
		Release|Any CPU = Release|Any CPU
	EndGlobalSection
	GlobalSection(ProjectConfigurationPlatforms) = postSolution
		{2890EFED-6992-458D-9689-45BF3032A6C5}.Debug|Any CPU.ActiveCfg = Debug|Any CPU
		{2890EFED-6992-458D-9689-45BF3032A6C5}.Debug|Any CPU.Build.0 = Debug|Any CPU
		{2890EFED-6992-458D-9689-45BF3032A6C5}.Release|Any CPU.ActiveCfg = Release|Any CPU
		{2890EFED-6992-458D-9689-45BF3032A6C5}.Release|Any CPU.Build.0 = Release|Any CPU
		{9DA6D90D-0353-41FC-A960-1644D2001497}.Debug|Any CPU.ActiveCfg = Debug|Any CPU
		{9DA6D90D-0353-41FC-A960-1644D2001497}.Debug|Any CPU.Build.0 = Debug|Any CPU
		{9DA6D90D-0353-41FC-A960-1644D2001497}.Release|Any CPU.ActiveCfg = Release|Any CPU
		{9DA6D90D-0353-41FC-A960-1644D2001497}.Release|Any CPU.Build.0 = Release|Any CPU
	EndGlobalSection
	GlobalSection(SolutionProperties) = preSolution
		HideSolutionNode = FALSE
	EndGlobalSection
	GlobalSection(ExtensibilityGlobals) = postSolution
		SolutionGuid = {D961EA7C-9FB8-4668-8044-E6DA227E2CB1}
	EndGlobalSection
EndGlobal
